// !$*UTF8*$!
{
	archiveVersion = 1;
	classes = {
	};
	objectVersion = 77;
	objects = {

/* Begin PBXBuildFile section */
		6C475EB82E350DDE0042B7BD /* WidgetKit.framework in Frameworks */ = {isa = PBXBuildFile; fileRef = 6C475EB72E350DDE0042B7BD /* WidgetKit.framework */; };
		6C475EBA2E350DDE0042B7BD /* SwiftUI.framework in Frameworks */ = {isa = PBXBuildFile; fileRef = 6C475EB92E350DDE0042B7BD /* SwiftUI.framework */; };
		6C475EC92E350DE00042B7BD /* TimeleftWidgetExtension.appex in Embed Foundation Extensions */ = {isa = PBXBuildFile; fileRef = 6C475EB52E350DDE0042B7BD /* TimeleftWidgetExtension.appex */; settings = {ATTRIBUTES = (RemoveHeadersOnCopy, ); }; };
/* End PBXBuildFile section */

/* Begin PBXContainerItemProxy section */
		6C475E772E33D43A0042B7BD /* PBXContainerItemProxy */ = {
			isa = PBXContainerItemProxy;
			containerPortal = 6C475E602E33D4380042B7BD /* Project object */;
			proxyType = 1;
			remoteGlobalIDString = 6C475E672E33D4380042B7BD;
			remoteInfo = timeleft;
		};
		6C475E812E33D43A0042B7BD /* PBXContainerItemProxy */ = {
			isa = PBXContainerItemProxy;
			containerPortal = 6C475E602E33D4380042B7BD /* Project object */;
			proxyType = 1;
			remoteGlobalIDString = 6C475E672E33D4380042B7BD;
			remoteInfo = timeleft;
		};
		6C475EC72E350DE00042B7BD /* PBXContainerItemProxy */ = {
			isa = PBXContainerItemProxy;
			containerPortal = 6C475E602E33D4380042B7BD /* Project object */;
			proxyType = 1;
			remoteGlobalIDString = 6C475EB42E350DDE0042B7BD;
			remoteInfo = TimeleftWidgetExtension;
		};
/* End PBXContainerItemProxy section */

/* Begin PBXCopyFilesBuildPhase section */
		6C475ECE2E350DE00042B7BD /* Embed Foundation Extensions */ = {
			isa = PBXCopyFilesBuildPhase;
			buildActionMask = 2147483647;
			dstPath = "";
			dstSubfolderSpec = 13;
			files = (
				6C475EC92E350DE00042B7BD /* TimeleftWidgetExtension.appex in Embed Foundation Extensions */,
			);
			name = "Embed Foundation Extensions";
			runOnlyForDeploymentPostprocessing = 0;
		};
/* End PBXCopyFilesBuildPhase section */

/* Begin PBXFileReference section */
		6C475E682E33D4380042B7BD /* timeleft.app */ = {isa = PBXFileReference; explicitFileType = wrapper.application; includeInIndex = 0; path = timeleft.app; sourceTree = BUILT_PRODUCTS_DIR; };
		6C475E762E33D43A0042B7BD /* timeleftTests.xctest */ = {isa = PBXFileReference; explicitFileType = wrapper.cfbundle; includeInIndex = 0; path = timeleftTests.xctest; sourceTree = BUILT_PRODUCTS_DIR; };
		6C475E802E33D43A0042B7BD /* timeleftUITests.xctest */ = {isa = PBXFileReference; explicitFileType = wrapper.cfbundle; includeInIndex = 0; path = timeleftUITests.xctest; sourceTree = BUILT_PRODUCTS_DIR; };
		6C475EB52E350DDE0042B7BD /* TimeleftWidgetExtension.appex */ = {isa = PBXFileReference; explicitFileType = "wrapper.app-extension"; includeInIndex = 0; path = TimeleftWidgetExtension.appex; sourceTree = BUILT_PRODUCTS_DIR; };
		6C475EB72E350DDE0042B7BD /* WidgetKit.framework */ = {isa = PBXFileReference; lastKnownFileType = wrapper.framework; name = WidgetKit.framework; path = System/Library/Frameworks/WidgetKit.framework; sourceTree = SDKROOT; };
		6C475EB92E350DDE0042B7BD /* SwiftUI.framework */ = {isa = PBXFileReference; lastKnownFileType = wrapper.framework; name = SwiftUI.framework; path = System/Library/Frameworks/SwiftUI.framework; sourceTree = SDKROOT; };
/* End PBXFileReference section */

/* Begin PBXFileSystemSynchronizedBuildFileExceptionSet section */
		6C475ECA2E350DE00042B7BD /* Exceptions for "TimeleftWidget" folder in "TimeleftWidgetExtension" target */ = {
			isa = PBXFileSystemSynchronizedBuildFileExceptionSet;
			membershipExceptions = (
				Info.plist,
			);
			target = 6C475EB42E350DDE0042B7BD /* TimeleftWidgetExtension */;
		};
		6C475ED52E3629870042B7BD /* Exceptions for "timeleft" folder in "TimeleftWidgetExtension" target */ = {
			isa = PBXFileSystemSynchronizedBuildFileExceptionSet;
			membershipExceptions = (
				SharedModels.swift,
			);
			target = 6C475EB42E350DDE0042B7BD /* TimeleftWidgetExtension */;
		};
/* End PBXFileSystemSynchronizedBuildFileExceptionSet section */

/* Begin PBXFileSystemSynchronizedRootGroup section */
		6C475E6A2E33D4380042B7BD /* timeleft */ = {
			isa = PBXFileSystemSynchronizedRootGroup;
			exceptions = (
				6C475ED52E3629870042B7BD /* Exceptions for "timeleft" folder in "TimeleftWidgetExtension" target */,
			);
			path = timeleft;
			sourceTree = "<group>";
		};
		6C475E792E33D43A0042B7BD /* timeleftTests */ = {
			isa = PBXFileSystemSynchronizedRootGroup;
			path = timeleftTests;
			sourceTree = "<group>";
		};
		6C475E832E33D43A0042B7BD /* timeleftUITests */ = {
			isa = PBXFileSystemSynchronizedRootGroup;
			path = timeleftUITests;
			sourceTree = "<group>";
		};
		6C475EBB2E350DDE0042B7BD /* TimeleftWidget */ = {
			isa = PBXFileSystemSynchronizedRootGroup;
			exceptions = (
				6C475ECA2E350DE00042B7BD /* Exceptions for "TimeleftWidget" folder in "TimeleftWidgetExtension" target */,
			);
			path = TimeleftWidget;
			sourceTree = "<group>";
		};
/* End PBXFileSystemSynchronizedRootGroup section */

/* Begin PBXFrameworksBuildPhase section */
		6C475E652E33D4380042B7BD /* Frameworks */ = {
			isa = PBXFrameworksBuildPhase;
			buildActionMask = 2147483647;
			files = (
			);
			runOnlyForDeploymentPostprocessing = 0;
		};
		6C475E732E33D43A0042B7BD /* Frameworks */ = {
			isa = PBXFrameworksBuildPhase;
			buildActionMask = 2147483647;
			files = (
			);
			runOnlyForDeploymentPostprocessing = 0;
		};
		6C475E7D2E33D43A0042B7BD /* Frameworks */ = {
			isa = PBXFrameworksBuildPhase;
			buildActionMask = 2147483647;
			files = (
			);
			runOnlyForDeploymentPostprocessing = 0;
		};
		6C475EB22E350DDE0042B7BD /* Frameworks */ = {
			isa = PBXFrameworksBuildPhase;
			buildActionMask = 2147483647;
			files = (
				6C475EBA2E350DDE0042B7BD /* SwiftUI.framework in Frameworks */,
				6C475EB82E350DDE0042B7BD /* WidgetKit.framework in Frameworks */,
			);
			runOnlyForDeploymentPostprocessing = 0;
		};
/* End PBXFrameworksBuildPhase section */

/* Begin PBXGroup section */
		6C475E5F2E33D4380042B7BD = {
			isa = PBXGroup;
			children = (
				6C475E6A2E33D4380042B7BD /* timeleft */,
				6C475E792E33D43A0042B7BD /* timeleftTests */,
				6C475E832E33D43A0042B7BD /* timeleftUITests */,
				6C475EBB2E350DDE0042B7BD /* TimeleftWidget */,
				6C475EB62E350DDE0042B7BD /* Frameworks */,
				6C475E692E33D4380042B7BD /* Products */,
			);
			sourceTree = "<group>";
		};
		6C475E692E33D4380042B7BD /* Products */ = {
			isa = PBXGroup;
			children = (
				6C475E682E33D4380042B7BD /* timeleft.app */,
				6C475E762E33D43A0042B7BD /* timeleftTests.xctest */,
				6C475E802E33D43A0042B7BD /* timeleftUITests.xctest */,
				6C475EB52E350DDE0042B7BD /* TimeleftWidgetExtension.appex */,
			);
			name = Products;
			sourceTree = "<group>";
		};
		6C475EB62E350DDE0042B7BD /* Frameworks */ = {
			isa = PBXGroup;
			children = (
				6C475EB72E350DDE0042B7BD /* WidgetKit.framework */,
				6C475EB92E350DDE0042B7BD /* SwiftUI.framework */,
			);
			name = Frameworks;
			sourceTree = "<group>";
		};
/* End PBXGroup section */

/* Begin PBXNativeTarget section */
		6C475E672E33D4380042B7BD /* timeleft */ = {
			isa = PBXNativeTarget;
			buildConfigurationList = 6C475E8A2E33D43A0042B7BD /* Build configuration list for PBXNativeTarget "timeleft" */;
			buildPhases = (
				6C475E642E33D4380042B7BD /* Sources */,
				6C475E652E33D4380042B7BD /* Frameworks */,
				6C475E662E33D4380042B7BD /* Resources */,
				6C475ECE2E350DE00042B7BD /* Embed Foundation Extensions */,
			);
			buildRules = (
			);
			dependencies = (
				6C475EC82E350DE00042B7BD /* PBXTargetDependency */,
			);
			fileSystemSynchronizedGroups = (
				6C475E6A2E33D4380042B7BD /* timeleft */,
			);
			name = timeleft;
			packageProductDependencies = (
			);
			productName = timeleft;
			productReference = 6C475E682E33D4380042B7BD /* timeleft.app */;
			productType = "com.apple.product-type.application";
		};
		6C475E752E33D43A0042B7BD /* timeleftTests */ = {
			isa = PBXNativeTarget;
			buildConfigurationList = 6C475E8D2E33D43A0042B7BD /* Build configuration list for PBXNativeTarget "timeleftTests" */;
			buildPhases = (
				6C475E722E33D43A0042B7BD /* Sources */,
				6C475E732E33D43A0042B7BD /* Frameworks */,
				6C475E742E33D43A0042B7BD /* Resources */,
			);
			buildRules = (
			);
			dependencies = (
				6C475E782E33D43A0042B7BD /* PBXTargetDependency */,
			);
			fileSystemSynchronizedGroups = (
				6C475E792E33D43A0042B7BD /* timeleftTests */,
			);
			name = timeleftTests;
			packageProductDependencies = (
			);
			productName = timeleftTests;
			productReference = 6C475E762E33D43A0042B7BD /* timeleftTests.xctest */;
			productType = "com.apple.product-type.bundle.unit-test";
		};
		6C475E7F2E33D43A0042B7BD /* timeleftUITests */ = {
			isa = PBXNativeTarget;
			buildConfigurationList = 6C475E902E33D43A0042B7BD /* Build configuration list for PBXNativeTarget "timeleftUITests" */;
			buildPhases = (
				6C475E7C2E33D43A0042B7BD /* Sources */,
				6C475E7D2E33D43A0042B7BD /* Frameworks */,
				6C475E7E2E33D43A0042B7BD /* Resources */,
			);
			buildRules = (
			);
			dependencies = (
				6C475E822E33D43A0042B7BD /* PBXTargetDependency */,
			);
			fileSystemSynchronizedGroups = (
				6C475E832E33D43A0042B7BD /* timeleftUITests */,
			);
			name = timeleftUITests;
			packageProductDependencies = (
			);
			productName = timeleftUITests;
			productReference = 6C475E802E33D43A0042B7BD /* timeleftUITests.xctest */;
			productType = "com.apple.product-type.bundle.ui-testing";
		};
		6C475EB42E350DDE0042B7BD /* TimeleftWidgetExtension */ = {
			isa = PBXNativeTarget;
			buildConfigurationList = 6C475ECB2E350DE00042B7BD /* Build configuration list for PBXNativeTarget "TimeleftWidgetExtension" */;
			buildPhases = (
				6C475EB12E350DDE0042B7BD /* Sources */,
				6C475EB22E350DDE0042B7BD /* Frameworks */,
				6C475EB32E350DDE0042B7BD /* Resources */,
			);
			buildRules = (
			);
			dependencies = (
			);
			fileSystemSynchronizedGroups = (
				6C475EBB2E350DDE0042B7BD /* TimeleftWidget */,
			);
			name = TimeleftWidgetExtension;
			packageProductDependencies = (
			);
			productName = TimeleftWidgetExtension;
			productReference = 6C475EB52E350DDE0042B7BD /* TimeleftWidgetExtension.appex */;
			productType = "com.apple.product-type.app-extension";
		};
/* End PBXNativeTarget section */

/* Begin PBXProject section */
		6C475E602E33D4380042B7BD /* Project object */ = {
			isa = PBXProject;
			attributes = {
				BuildIndependentTargetsInParallel = 1;
				LastSwiftUpdateCheck = 1640;
				LastUpgradeCheck = 1640;
				TargetAttributes = {
					6C475E672E33D4380042B7BD = {
						CreatedOnToolsVersion = 16.4;
					};
					6C475E752E33D43A0042B7BD = {
						CreatedOnToolsVersion = 16.4;
						TestTargetID = 6C475E672E33D4380042B7BD;
					};
					6C475E7F2E33D43A0042B7BD = {
						CreatedOnToolsVersion = 16.4;
						TestTargetID = 6C475E672E33D4380042B7BD;
					};
					6C475EB42E350DDE0042B7BD = {
						CreatedOnToolsVersion = 16.4;
					};
				};
			};
			buildConfigurationList = 6C475E632E33D4380042B7BD /* Build configuration list for PBXProject "timeleft" */;
			developmentRegion = en;
			hasScannedForEncodings = 0;
			knownRegions = (
				en,
				Base,
			);
			mainGroup = 6C475E5F2E33D4380042B7BD;
			minimizedProjectReferenceProxies = 1;
			preferredProjectObjectVersion = 77;
			productRefGroup = 6C475E692E33D4380042B7BD /* Products */;
			projectDirPath = "";
			projectRoot = "";
			targets = (
				6C475E672E33D4380042B7BD /* timeleft */,
				6C475E752E33D43A0042B7BD /* timeleftTests */,
				6C475E7F2E33D43A0042B7BD /* timeleftUITests */,
				6C475EB42E350DDE0042B7BD /* TimeleftWidgetExtension */,
			);
		};
/* End PBXProject section */

/* Begin PBXResourcesBuildPhase section */
		6C475E662E33D4380042B7BD /* Resources */ = {
			isa = PBXResourcesBuildPhase;
			buildActionMask = 2147483647;
			files = (
			);
			runOnlyForDeploymentPostprocessing = 0;
		};
		6C475E742E33D43A0042B7BD /* Resources */ = {
			isa = PBXResourcesBuildPhase;
			buildActionMask = 2147483647;
			files = (
			);
			runOnlyForDeploymentPostprocessing = 0;
		};
		6C475E7E2E33D43A0042B7BD /* Resources */ = {
			isa = PBXResourcesBuildPhase;
			buildActionMask = 2147483647;
			files = (
			);
			runOnlyForDeploymentPostprocessing = 0;
		};
		6C475EB32E350DDE0042B7BD /* Resources */ = {
			isa = PBXResourcesBuildPhase;
			buildActionMask = 2147483647;
			files = (
			);
			runOnlyForDeploymentPostprocessing = 0;
		};
/* End PBXResourcesBuildPhase section */

/* Begin PBXSourcesBuildPhase section */
		6C475E642E33D4380042B7BD /* Sources */ = {
			isa = PBXSourcesBuildPhase;
			buildActionMask = 2147483647;
			files = (
			);
			runOnlyForDeploymentPostprocessing = 0;
		};
		6C475E722E33D43A0042B7BD /* Sources */ = {
			isa = PBXSourcesBuildPhase;
			buildActionMask = 2147483647;
			files = (
			);
			runOnlyForDeploymentPostprocessing = 0;
		};
		6C475E7C2E33D43A0042B7BD /* Sources */ = {
			isa = PBXSourcesBuildPhase;
			buildActionMask = 2147483647;
			files = (
			);
			runOnlyForDeploymentPostprocessing = 0;
		};
		6C475EB12E350DDE0042B7BD /* Sources */ = {
			isa = PBXSourcesBuildPhase;
			buildActionMask = 2147483647;
			files = (
			);
			runOnlyForDeploymentPostprocessing = 0;
		};
/* End PBXSourcesBuildPhase section */

/* Begin PBXTargetDependency section */
		6C475E782E33D43A0042B7BD /* PBXTargetDependency */ = {
			isa = PBXTargetDependency;
			target = 6C475E672E33D4380042B7BD /* timeleft */;
			targetProxy = 6C475E772E33D43A0042B7BD /* PBXContainerItemProxy */;
		};
		6C475E822E33D43A0042B7BD /* PBXTargetDependency */ = {
			isa = PBXTargetDependency;
			target = 6C475E672E33D4380042B7BD /* timeleft */;
			targetProxy = 6C475E812E33D43A0042B7BD /* PBXContainerItemProxy */;
		};
		6C475EC82E350DE00042B7BD /* PBXTargetDependency */ = {
			isa = PBXTargetDependency;
			target = 6C475EB42E350DDE0042B7BD /* TimeleftWidgetExtension */;
			targetProxy = 6C475EC72E350DE00042B7BD /* PBXContainerItemProxy */;
		};
/* End PBXTargetDependency section */

/* Begin XCBuildConfiguration section */
		6C475E882E33D43A0042B7BD /* Debug */ = {
			isa = XCBuildConfiguration;
			buildSettings = {
				ALWAYS_SEARCH_USER_PATHS = NO;
				ASSETCATALOG_COMPILER_GENERATE_SWIFT_ASSET_SYMBOL_EXTENSIONS = YES;
				CLANG_ANALYZER_NONNULL = YES;
				CLANG_ANALYZER_NUMBER_OBJECT_CONVERSION = YES_AGGRESSIVE;
				CLANG_CXX_LANGUAGE_STANDARD = "gnu++20";
				CLANG_ENABLE_MODULES = YES;
				CLANG_ENABLE_OBJC_ARC = YES;
				CLANG_ENABLE_OBJC_WEAK = YES;
				CLANG_WARN_BLOCK_CAPTURE_AUTORELEASING = YES;
				CLANG_WARN_BOOL_CONVERSION = YES;
				CLANG_WARN_COMMA = YES;
				CLANG_WARN_CONSTANT_CONVERSION = YES;
				CLANG_WARN_DEPRECATED_OBJC_IMPLEMENTATIONS = YES;
				CLANG_WARN_DIRECT_OBJC_ISA_USAGE = YES_ERROR;
				CLANG_WARN_DOCUMENTATION_COMMENTS = YES;
				CLANG_WARN_EMPTY_BODY = YES;
				CLANG_WARN_ENUM_CONVERSION = YES;
				CLANG_WARN_INFINITE_RECURSION = YES;
				CLANG_WARN_INT_CONVERSION = YES;
				CLANG_WARN_NON_LITERAL_NULL_CONVERSION = YES;
				CLANG_WARN_OBJC_IMPLICIT_RETAIN_SELF = YES;
				CLANG_WARN_OBJC_LITERAL_CONVERSION = YES;
				CLANG_WARN_OBJC_ROOT_CLASS = YES_ERROR;
				CLANG_WARN_QUOTED_INCLUDE_IN_FRAMEWORK_HEADER = YES;
				CLANG_WARN_RANGE_LOOP_ANALYSIS = YES;
				CLANG_WARN_STRICT_PROTOTYPES = YES;
				CLANG_WARN_SUSPICIOUS_MOVE = YES;
				CLANG_WARN_UNGUARDED_AVAILABILITY = YES_AGGRESSIVE;
				CLANG_WARN_UNREACHABLE_CODE = YES;
				CLANG_WARN__DUPLICATE_METHOD_MATCH = YES;
				COPY_PHASE_STRIP = NO;
				DEBUG_INFORMATION_FORMAT = dwarf;
				ENABLE_STRICT_OBJC_MSGSEND = YES;
				ENABLE_TESTABILITY = YES;
				ENABLE_USER_SCRIPT_SANDBOXING = YES;
				GCC_C_LANGUAGE_STANDARD = gnu17;
				GCC_DYNAMIC_NO_PIC = NO;
				GCC_NO_COMMON_BLOCKS = YES;
				GCC_OPTIMIZATION_LEVEL = 0;
				GCC_PREPROCESSOR_DEFINITIONS = (
					"DEBUG=1",
					"$(inherited)",
				);
				GCC_WARN_64_TO_32_BIT_CONVERSION = YES;
				GCC_WARN_ABOUT_RETURN_TYPE = YES_ERROR;
				GCC_WARN_UNDECLARED_SELECTOR = YES;
				GCC_WARN_UNINITIALIZED_AUTOS = YES_AGGRESSIVE;
				GCC_WARN_UNUSED_FUNCTION = YES;
				GCC_WARN_UNUSED_VARIABLE = YES;
				LOCALIZATION_PREFERS_STRING_CATALOGS = YES;
				MTL_ENABLE_DEBUG_INFO = INCLUDE_SOURCE;
				MTL_FAST_MATH = YES;
				ONLY_ACTIVE_ARCH = YES;
				SWIFT_ACTIVE_COMPILATION_CONDITIONS = "DEBUG $(inherited)";
				SWIFT_OPTIMIZATION_LEVEL = "-Onone";
			};
			name = Debug;
		};
		6C475E892E33D43A0042B7BD /* Release */ = {
			isa = XCBuildConfiguration;
			buildSettings = {
				ALWAYS_SEARCH_USER_PATHS = NO;
				ASSETCATALOG_COMPILER_GENERATE_SWIFT_ASSET_SYMBOL_EXTENSIONS = YES;
				CLANG_ANALYZER_NONNULL = YES;
				CLANG_ANALYZER_NUMBER_OBJECT_CONVERSION = YES_AGGRESSIVE;
				CLANG_CXX_LANGUAGE_STANDARD = "gnu++20";
				CLANG_ENABLE_MODULES = YES;
				CLANG_ENABLE_OBJC_ARC = YES;
				CLANG_ENABLE_OBJC_WEAK = YES;
				CLANG_WARN_BLOCK_CAPTURE_AUTORELEASING = YES;
				CLANG_WARN_BOOL_CONVERSION = YES;
				CLANG_WARN_COMMA = YES;
				CLANG_WARN_CONSTANT_CONVERSION = YES;
				CLANG_WARN_DEPRECATED_OBJC_IMPLEMENTATIONS = YES;
				CLANG_WARN_DIRECT_OBJC_ISA_USAGE = YES_ERROR;
				CLANG_WARN_DOCUMENTATION_COMMENTS = YES;
				CLANG_WARN_EMPTY_BODY = YES;
				CLANG_WARN_ENUM_CONVERSION = YES;
				CLANG_WARN_INFINITE_RECURSION = YES;
				CLANG_WARN_INT_CONVERSION = YES;
				CLANG_WARN_NON_LITERAL_NULL_CONVERSION = YES;
				CLANG_WARN_OBJC_IMPLICIT_RETAIN_SELF = YES;
				CLANG_WARN_OBJC_LITERAL_CONVERSION = YES;
				CLANG_WARN_OBJC_ROOT_CLASS = YES_ERROR;
				CLANG_WARN_QUOTED_INCLUDE_IN_FRAMEWORK_HEADER = YES;
				CLANG_WARN_RANGE_LOOP_ANALYSIS = YES;
				CLANG_WARN_STRICT_PROTOTYPES = YES;
				CLANG_WARN_SUSPICIOUS_MOVE = YES;
				CLANG_WARN_UNGUARDED_AVAILABILITY = YES_AGGRESSIVE;
				CLANG_WARN_UNREACHABLE_CODE = YES;
				CLANG_WARN__DUPLICATE_METHOD_MATCH = YES;
				COPY_PHASE_STRIP = NO;
				DEBUG_INFORMATION_FORMAT = "dwarf-with-dsym";
				ENABLE_NS_ASSERTIONS = NO;
				ENABLE_STRICT_OBJC_MSGSEND = YES;
				ENABLE_USER_SCRIPT_SANDBOXING = YES;
				GCC_C_LANGUAGE_STANDARD = gnu17;
				GCC_NO_COMMON_BLOCKS = YES;
				GCC_WARN_64_TO_32_BIT_CONVERSION = YES;
				GCC_WARN_ABOUT_RETURN_TYPE = YES_ERROR;
				GCC_WARN_UNDECLARED_SELECTOR = YES;
				GCC_WARN_UNINITIALIZED_AUTOS = YES_AGGRESSIVE;
				GCC_WARN_UNUSED_FUNCTION = YES;
				GCC_WARN_UNUSED_VARIABLE = YES;
				LOCALIZATION_PREFERS_STRING_CATALOGS = YES;
				MTL_ENABLE_DEBUG_INFO = NO;
				MTL_FAST_MATH = YES;
				SWIFT_COMPILATION_MODE = wholemodule;
			};
			name = Release;
		};
		6C475E8B2E33D43A0042B7BD /* Debug */ = {
			isa = XCBuildConfiguration;
			buildSettings = {
				ASSETCATALOG_COMPILER_APPICON_NAME = AppIcon;
				ASSETCATALOG_COMPILER_GLOBAL_ACCENT_COLOR_NAME = AccentColor;
				CODE_SIGN_ENTITLEMENTS = timeleft/timeleft.entitlements;
				CODE_SIGN_STYLE = Automatic;
				CURRENT_PROJECT_VERSION = 1;
				DEVELOPMENT_TEAM = "";
				ENABLE_PREVIEWS = YES;
				GENERATE_INFOPLIST_FILE = YES;
				"INFOPLIST_KEY_UIApplicationSceneManifest_Generation[sdk=iphoneos*]" = YES;
				"INFOPLIST_KEY_UIApplicationSceneManifest_Generation[sdk=iphonesimulator*]" = YES;
				"INFOPLIST_KEY_UIApplicationSupportsIndirectInputEvents[sdk=iphoneos*]" = YES;
				"INFOPLIST_KEY_UIApplicationSupportsIndirectInputEvents[sdk=iphonesimulator*]" = YES;
				"INFOPLIST_KEY_UILaunchScreen_Generation[sdk=iphoneos*]" = YES;
				"INFOPLIST_KEY_UILaunchScreen_Generation[sdk=iphonesimulator*]" = YES;
				"INFOPLIST_KEY_UIStatusBarStyle[sdk=iphoneos*]" = UIStatusBarStyleDefault;
				"INFOPLIST_KEY_UIStatusBarStyle[sdk=iphonesimulator*]" = UIStatusBarStyleDefault;
				INFOPLIST_KEY_UISupportedInterfaceOrientations_iPad = "UIInterfaceOrientationPortrait UIInterfaceOrientationPortraitUpsideDown UIInterfaceOrientationLandscapeLeft UIInterfaceOrientationLandscapeRight";
				INFOPLIST_KEY_UISupportedInterfaceOrientations_iPhone = "UIInterfaceOrientationPortrait UIInterfaceOrientationLandscapeLeft UIInterfaceOrientationLandscapeRight";
				IPHONEOS_DEPLOYMENT_TARGET = 18.5;
				LD_RUNPATH_SEARCH_PATHS = "@executable_path/Frameworks";
				"LD_RUNPATH_SEARCH_PATHS[sdk=macosx*]" = "@executable_path/../Frameworks";
				MACOSX_DEPLOYMENT_TARGET = 15.5;
				MARKETING_VERSION = 1.0;
				PRODUCT_BUNDLE_IDENTIFIER = com.koffeecuptales.timeleft;
				PRODUCT_NAME = "$(TARGET_NAME)";
				REGISTER_APP_GROUPS = YES;
				SDKROOT = auto;
				SUPPORTED_PLATFORMS = "iphoneos iphonesimulator";
				SWIFT_EMIT_LOC_STRINGS = YES;
				SWIFT_VERSION = 5.0;
				TARGETED_DEVICE_FAMILY = 1;
				XROS_DEPLOYMENT_TARGET = 2.5;
			};
			name = Debug;
		};
		6C475E8C2E33D43A0042B7BD /* Release */ = {
			isa = XCBuildConfiguration;
			buildSettings = {
				ASSETCATALOG_COMPILER_APPICON_NAME = AppIcon;
				ASSETCATALOG_COMPILER_GLOBAL_ACCENT_COLOR_NAME = AccentColor;
				CODE_SIGN_ENTITLEMENTS = timeleft/timeleft.entitlements;
				CODE_SIGN_STYLE = Automatic;
				CURRENT_PROJECT_VERSION = 1;
				DEVELOPMENT_TEAM = "";
				ENABLE_PREVIEWS = YES;
				GENERATE_INFOPLIST_FILE = YES;
				"INFOPLIST_KEY_UIApplicationSceneManifest_Generation[sdk=iphoneos*]" = YES;
				"INFOPLIST_KEY_UIApplicationSceneManifest_Generation[sdk=iphonesimulator*]" = YES;
				"INFOPLIST_KEY_UIApplicationSupportsIndirectInputEvents[sdk=iphoneos*]" = YES;
				"INFOPLIST_KEY_UIApplicationSupportsIndirectInputEvents[sdk=iphonesimulator*]" = YES;
				"INFOPLIST_KEY_UILaunchScreen_Generation[sdk=iphoneos*]" = YES;
				"INFOPLIST_KEY_UILaunchScreen_Generation[sdk=iphonesimulator*]" = YES;
				"INFOPLIST_KEY_UIStatusBarStyle[sdk=iphoneos*]" = UIStatusBarStyleDefault;
				"INFOPLIST_KEY_UIStatusBarStyle[sdk=iphonesimulator*]" = UIStatusBarStyleDefault;
				INFOPLIST_KEY_UISupportedInterfaceOrientations_iPad = "UIInterfaceOrientationPortrait UIInterfaceOrientationPortraitUpsideDown UIInterfaceOrientationLandscapeLeft UIInterfaceOrientationLandscapeRight";
				INFOPLIST_KEY_UISupportedInterfaceOrientations_iPhone = "UIInterfaceOrientationPortrait UIInterfaceOrientationLandscapeLeft UIInterfaceOrientationLandscapeRight";
				IPHONEOS_DEPLOYMENT_TARGET = 18.5;
				LD_RUNPATH_SEARCH_PATHS = "@executable_path/Frameworks";
				"LD_RUNPATH_SEARCH_PATHS[sdk=macosx*]" = "@executable_path/../Frameworks";
				MACOSX_DEPLOYMENT_TARGET = 15.5;
				MARKETING_VERSION = 1.0;
				PRODUCT_BUNDLE_IDENTIFIER = com.koffeecuptales.timeleft;
				PRODUCT_NAME = "$(TARGET_NAME)";
				REGISTER_APP_GROUPS = YES;
				SDKROOT = auto;
				SUPPORTED_PLATFORMS = "iphoneos iphonesimulator";
				SWIFT_EMIT_LOC_STRINGS = YES;
				SWIFT_VERSION = 5.0;
				TARGETED_DEVICE_FAMILY = 1;
				XROS_DEPLOYMENT_TARGET = 2.5;
			};
			name = Release;
		};
		6C475E8E2E33D43A0042B7BD /* Debug */ = {
			isa = XCBuildConfiguration;
			buildSettings = {
				BUNDLE_LOADER = "$(TEST_HOST)";
				CODE_SIGN_STYLE = Automatic;
				CURRENT_PROJECT_VERSION = 1;
				GENERATE_INFOPLIST_FILE = YES;
				IPHONEOS_DEPLOYMENT_TARGET = 18.5;
				MACOSX_DEPLOYMENT_TARGET = 15.5;
				MARKETING_VERSION = 1.0;
				PRODUCT_BUNDLE_IDENTIFIER = com.koffeecuptales.timeleftTests;
				PRODUCT_NAME = "$(TARGET_NAME)";
				SDKROOT = auto;
				SUPPORTED_PLATFORMS = "iphoneos iphonesimulator";
				SWIFT_EMIT_LOC_STRINGS = NO;
				SWIFT_VERSION = 5.0;
				TARGETED_DEVICE_FAMILY = 1;
				TEST_HOST = "$(BUILT_PRODUCTS_DIR)/timeleft.app/$(BUNDLE_EXECUTABLE_FOLDER_PATH)/timeleft";
				XROS_DEPLOYMENT_TARGET = 2.5;
			};
			name = Debug;
		};
		6C475E8F2E33D43A0042B7BD /* Release */ = {
			isa = XCBuildConfiguration;
			buildSettings = {
				BUNDLE_LOADER = "$(TEST_HOST)";
				CODE_SIGN_STYLE = Automatic;
				CURRENT_PROJECT_VERSION = 1;
				GENERATE_INFOPLIST_FILE = YES;
				IPHONEOS_DEPLOYMENT_TARGET = 18.5;
				MACOSX_DEPLOYMENT_TARGET = 15.5;
				MARKETING_VERSION = 1.0;
				PRODUCT_BUNDLE_IDENTIFIER = com.koffeecuptales.timeleftTests;
				PRODUCT_NAME = "$(TARGET_NAME)";
				SDKROOT = auto;
				SUPPORTED_PLATFORMS = "iphoneos iphonesimulator";
				SWIFT_EMIT_LOC_STRINGS = NO;
				SWIFT_VERSION = 5.0;
				TARGETED_DEVICE_FAMILY = 1;
				TEST_HOST = "$(BUILT_PRODUCTS_DIR)/timeleft.app/$(BUNDLE_EXECUTABLE_FOLDER_PATH)/timeleft";
				XROS_DEPLOYMENT_TARGET = 2.5;
			};
			name = Release;
		};
		6C475E912E33D43A0042B7BD /* Debug */ = {
			isa = XCBuildConfiguration;
			buildSettings = {
				CODE_SIGN_STYLE = Automatic;
				CURRENT_PROJECT_VERSION = 1;
				GENERATE_INFOPLIST_FILE = YES;
				IPHONEOS_DEPLOYMENT_TARGET = 18.5;
				MACOSX_DEPLOYMENT_TARGET = 15.5;
				MARKETING_VERSION = 1.0;
				PRODUCT_BUNDLE_IDENTIFIER = com.koffeecuptales.timeleftUITests;
				PRODUCT_NAME = "$(TARGET_NAME)";
				SDKROOT = auto;
				SUPPORTED_PLATFORMS = "iphoneos iphonesimulator";
				SWIFT_EMIT_LOC_STRINGS = NO;
				SWIFT_VERSION = 5.0;
				TARGETED_DEVICE_FAMILY = 1;
				TEST_TARGET_NAME = timeleft;
				XROS_DEPLOYMENT_TARGET = 2.5;
			};
			name = Debug;
		};
		6C475E922E33D43A0042B7BD /* Release */ = {
			isa = XCBuildConfiguration;
			buildSettings = {
				CODE_SIGN_STYLE = Automatic;
				CURRENT_PROJECT_VERSION = 1;
				GENERATE_INFOPLIST_FILE = YES;
				IPHONEOS_DEPLOYMENT_TARGET = 18.5;
				MACOSX_DEPLOYMENT_TARGET = 15.5;
				MARKETING_VERSION = 1.0;
				PRODUCT_BUNDLE_IDENTIFIER = com.koffeecuptales.timeleftUITests;
				PRODUCT_NAME = "$(TARGET_NAME)";
				SDKROOT = auto;
				SUPPORTED_PLATFORMS = "iphoneos iphonesimulator";
				SWIFT_EMIT_LOC_STRINGS = NO;
				SWIFT_VERSION = 5.0;
				TARGETED_DEVICE_FAMILY = 1;
				TEST_TARGET_NAME = timeleft;
				XROS_DEPLOYMENT_TARGET = 2.5;
			};
			name = Release;
		};
		6C475ECC2E350DE00042B7BD /* Debug */ = {
			isa = XCBuildConfiguration;
			buildSettings = {
				ASSETCATALOG_COMPILER_GLOBAL_ACCENT_COLOR_NAME = AccentColor;
				ASSETCATALOG_COMPILER_WIDGET_BACKGROUND_COLOR_NAME = WidgetBackground;
				CODE_SIGN_STYLE = Automatic;
				CURRENT_PROJECT_VERSION = 1;
				GENERATE_INFOPLIST_FILE = YES;
				INFOPLIST_FILE = TimeleftWidget/Info.plist;
				INFOPLIST_KEY_CFBundleDisplayName = TimeleftWidget;
				INFOPLIST_KEY_NSHumanReadableCopyright = "";
				IPHONEOS_DEPLOYMENT_TARGET = 18.5;
				LD_RUNPATH_SEARCH_PATHS = (
					"$(inherited)",
					"@executable_path/Frameworks",
					"@executable_path/../../Frameworks",
				);
				MARKETING_VERSION = 1.0;
				PRODUCT_BUNDLE_IDENTIFIER = com.koffeecuptales.timeleft.TimeleftWidget;
				PRODUCT_NAME = "$(TARGET_NAME)";
				SDKROOT = iphoneos;
				SKIP_INSTALL = YES;
				SWIFT_EMIT_LOC_STRINGS = YES;
				SWIFT_VERSION = 5.0;
				TARGETED_DEVICE_FAMILY = "1,2";
			};
			name = Debug;
		};
		6C475ECD2E350DE00042B7BD /* Release */ = {
			isa = XCBuildConfiguration;
			buildSettings = {
				ASSETCATALOG_COMPILER_GLOBAL_ACCENT_COLOR_NAME = AccentColor;
				ASSETCATALOG_COMPILER_WIDGET_BACKGROUND_COLOR_NAME = WidgetBackground;
				CODE_SIGN_STYLE = Automatic;
				CURRENT_PROJECT_VERSION = 1;
				GENERATE_INFOPLIST_FILE = YES;
				INFOPLIST_FILE = TimeleftWidget/Info.plist;
				INFOPLIST_KEY_CFBundleDisplayName = TimeleftWidget;
				INFOPLIST_KEY_NSHumanReadableCopyright = "";
				IPHONEOS_DEPLOYMENT_TARGET = 18.5;
				LD_RUNPATH_SEARCH_PATHS = (
					"$(inherited)",
					"@executable_path/Frameworks",
					"@executable_path/../../Frameworks",
				);
				MARKETING_VERSION = 1.0;
				PRODUCT_BUNDLE_IDENTIFIER = com.koffeecuptales.timeleft.TimeleftWidget;
				PRODUCT_NAME = "$(TARGET_NAME)";
				SDKROOT = iphoneos;
				SKIP_INSTALL = YES;
				SWIFT_EMIT_LOC_STRINGS = YES;
				SWIFT_VERSION = 5.0;
				TARGETED_DEVICE_FAMILY = "1,2";
				VALIDATE_PRODUCT = YES;
			};
			name = Release;
		};
/* End XCBuildConfiguration section */

/* Begin XCConfigurationList section */
		6C475E632E33D4380042B7BD /* Build configuration list for PBXProject "timeleft" */ = {
			isa = XCConfigurationList;
			buildConfigurations = (
				6C475E882E33D43A0042B7BD /* Debug */,
				6C475E892E33D43A0042B7BD /* Release */,
			);
			defaultConfigurationIsVisible = 0;
			defaultConfigurationName = Release;
		};
		6C475E8A2E33D43A0042B7BD /* Build configuration list for PBXNativeTarget "timeleft" */ = {
			isa = XCConfigurationList;
			buildConfigurations = (
				6C475E8B2E33D43A0042B7BD /* Debug */,
				6C475E8C2E33D43A0042B7BD /* Release */,
			);
			defaultConfigurationIsVisible = 0;
			defaultConfigurationName = Release;
		};
		6C475E8D2E33D43A0042B7BD /* Build configuration list for PBXNativeTarget "timeleftTests" */ = {
			isa = XCConfigurationList;
			buildConfigurations = (
				6C475E8E2E33D43A0042B7BD /* Debug */,
				6C475E8F2E33D43A0042B7BD /* Release */,
			);
			defaultConfigurationIsVisible = 0;
			defaultConfigurationName = Release;
		};
		6C475E902E33D43A0042B7BD /* Build configuration list for PBXNativeTarget "timeleftUITests" */ = {
			isa = XCConfigurationList;
			buildConfigurations = (
				6C475E912E33D43A0042B7BD /* Debug */,
				6C475E922E33D43A0042B7BD /* Release */,
			);
			defaultConfigurationIsVisible = 0;
			defaultConfigurationName = Release;
		};
		6C475ECB2E350DE00042B7BD /* Build configuration list for PBXNativeTarget "TimeleftWidgetExtension" */ = {
			isa = XCConfigurationList;
			buildConfigurations = (
				6C475ECC2E350DE00042B7BD /* Debug */,
				6C475ECD2E350DE00042B7BD /* Release */,
			);
			defaultConfigurationIsVisible = 0;
			defaultConfigurationName = Release;
		};
/* End XCConfigurationList section */
	};
	rootObject = 6C475E602E33D4380042B7BD /* Project object */;
}
